// !$*UTF8*$!
{
	archiveVersion = 1;
	classes = {
	};
	objectVersion = 56;
	objects = {

/* Begin PBXBuildFile section */
		161DEB962B57BE4200573732 /* GuessTheFlagApp.swift in Sources */ = {isa = PBXBuildFile; fileRef = 161DEB952B57BE4200573732 /* GuessTheFlagApp.swift */; };
		161DEB9A2B57BE4500573732 /* Assets.xcassets in Resources */ = {isa = PBXBuildFile; fileRef = 161DEB992B57BE4500573732 /* Assets.xcassets */; };
		161DEB9D2B57BE4500573732 /* Preview Assets.xcassets in Resources */ = {isa = PBXBuildFile; fileRef = 161DEB9C2B57BE4500573732 /* Preview Assets.xcassets */; };
		167049522B67C10F00C7A499 /* TimeCounter.swift in Sources */ = {isa = PBXBuildFile; fileRef = 167049512B67C10F00C7A499 /* TimeCounter.swift */; };
		1685CA142B5E967A00A5371A /* Game.swift in Sources */ = {isa = PBXBuildFile; fileRef = 1685CA132B5E967A00A5371A /* Game.swift */; };
		1685CA162B5E969000A5371A /* Menu.swift in Sources */ = {isa = PBXBuildFile; fileRef = 1685CA152B5E969000A5371A /* Menu.swift */; };
		1685CA182B5E96A700A5371A /* ContentView.swift in Sources */ = {isa = PBXBuildFile; fileRef = 1685CA172B5E96A700A5371A /* ContentView.swift */; };
		16945D142B5A7CF900CA3B4D /* Data.swift in Sources */ = {isa = PBXBuildFile; fileRef = 16945D132B5A7CF900CA3B4D /* Data.swift */; };
		16D5ECB52B5FBD9500CAA7F1 /* Ranked.swift in Sources */ = {isa = PBXBuildFile; fileRef = 16D5ECB42B5FBD9500CAA7F1 /* Ranked.swift */; };
		16D5ECB72B5FBDE200CAA7F1 /* Leaderboard.swift in Sources */ = {isa = PBXBuildFile; fileRef = 16D5ECB62B5FBDE200CAA7F1 /* Leaderboard.swift */; };
		16F7F2A72B68E3D0005345B1 /* SaveScore.swift in Sources */ = {isa = PBXBuildFile; fileRef = 16F7F2A62B68E3D0005345B1 /* SaveScore.swift */; };
/* End PBXBuildFile section */

/* Begin PBXFileReference section */
		161DEB922B57BE4200573732 /* GuessTheFlag.app */ = {isa = PBXFileReference; explicitFileType = wrapper.application; includeInIndex = 0; path = GuessTheFlag.app; sourceTree = BUILT_PRODUCTS_DIR; };
		161DEB952B57BE4200573732 /* GuessTheFlagApp.swift */ = {isa = PBXFileReference; lastKnownFileType = sourcecode.swift; path = GuessTheFlagApp.swift; sourceTree = "<group>"; };
		161DEB992B57BE4500573732 /* Assets.xcassets */ = {isa = PBXFileReference; lastKnownFileType = folder.assetcatalog; path = Assets.xcassets; sourceTree = "<group>"; };
		161DEB9C2B57BE4500573732 /* Preview Assets.xcassets */ = {isa = PBXFileReference; lastKnownFileType = folder.assetcatalog; path = "Preview Assets.xcassets"; sourceTree = "<group>"; };
		167049512B67C10F00C7A499 /* TimeCounter.swift */ = {isa = PBXFileReference; lastKnownFileType = sourcecode.swift; path = TimeCounter.swift; sourceTree = "<group>"; };
		1685CA132B5E967A00A5371A /* Game.swift */ = {isa = PBXFileReference; lastKnownFileType = sourcecode.swift; path = Game.swift; sourceTree = "<group>"; };
		1685CA152B5E969000A5371A /* Menu.swift */ = {isa = PBXFileReference; lastKnownFileType = sourcecode.swift; path = Menu.swift; sourceTree = "<group>"; };
		1685CA172B5E96A700A5371A /* ContentView.swift */ = {isa = PBXFileReference; lastKnownFileType = sourcecode.swift; path = ContentView.swift; sourceTree = "<group>"; };
		16945D132B5A7CF900CA3B4D /* Data.swift */ = {isa = PBXFileReference; lastKnownFileType = sourcecode.swift; path = Data.swift; sourceTree = "<group>"; };
		16D5ECAF2B5FBA7200CAA7F1 /* Ideas.md */ = {isa = PBXFileReference; lastKnownFileType = net.daringfireball.markdown; path = Ideas.md; sourceTree = "<group>"; };
		16D5ECB42B5FBD9500CAA7F1 /* Ranked.swift */ = {isa = PBXFileReference; lastKnownFileType = sourcecode.swift; path = Ranked.swift; sourceTree = "<group>"; };
		16D5ECB62B5FBDE200CAA7F1 /* Leaderboard.swift */ = {isa = PBXFileReference; lastKnownFileType = sourcecode.swift; path = Leaderboard.swift; sourceTree = "<group>"; };
		16F7F2A62B68E3D0005345B1 /* SaveScore.swift */ = {isa = PBXFileReference; lastKnownFileType = sourcecode.swift; path = SaveScore.swift; sourceTree = "<group>"; };
/* End PBXFileReference section */

/* Begin PBXFrameworksBuildPhase section */
		161DEB8F2B57BE4200573732 /* Frameworks */ = {
			isa = PBXFrameworksBuildPhase;
			buildActionMask = 2147483647;
			files = (
			);
			runOnlyForDeploymentPostprocessing = 0;
		};
/* End PBXFrameworksBuildPhase section */

/* Begin PBXGroup section */
		161DEB892B57BE4200573732 = {
			isa = PBXGroup;
			children = (
				161DEB942B57BE4200573732 /* GuessTheFlag */,
				161DEB932B57BE4200573732 /* Products */,
			);
			sourceTree = "<group>";
		};
		161DEB932B57BE4200573732 /* Products */ = {
			isa = PBXGroup;
			children = (
				161DEB922B57BE4200573732 /* GuessTheFlag.app */,
			);
			name = Products;
			sourceTree = "<group>";
		};
		161DEB942B57BE4200573732 /* GuessTheFlag */ = {
			isa = PBXGroup;
			children = (
				161DEB952B57BE4200573732 /* GuessTheFlagApp.swift */,
				16D5ECAF2B5FBA7200CAA7F1 /* Ideas.md */,
				1685CA172B5E96A700A5371A /* ContentView.swift */,
				16945D132B5A7CF900CA3B4D /* Data.swift */,
				16D5ECB32B5FBBE700CAA7F1 /* Leaderboard */,
				16D5ECB22B5FBBD700CAA7F1 /* Ranked */,
				16D5ECB02B5FBB6300CAA7F1 /* Training */,
				161DEB992B57BE4500573732 /* Assets.xcassets */,
				161DEB9B2B57BE4500573732 /* Preview Content */,
			);
			path = GuessTheFlag;
			sourceTree = "<group>";
		};
		161DEB9B2B57BE4500573732 /* Preview Content */ = {
			isa = PBXGroup;
			children = (
				161DEB9C2B57BE4500573732 /* Preview Assets.xcassets */,
			);
			path = "Preview Content";
			sourceTree = "<group>";
		};
		16D5ECB02B5FBB6300CAA7F1 /* Training */ = {
			isa = PBXGroup;
			children = (
				1685CA152B5E969000A5371A /* Menu.swift */,
				1685CA132B5E967A00A5371A /* Game.swift */,
			);
			path = Training;
			sourceTree = "<group>";
		};
		16D5ECB22B5FBBD700CAA7F1 /* Ranked */ = {
			isa = PBXGroup;
			children = (
				16D5ECB42B5FBD9500CAA7F1 /* Ranked.swift */,
				167049512B67C10F00C7A499 /* TimeCounter.swift */,
			);
			path = Ranked;
			sourceTree = "<group>";
		};
		16D5ECB32B5FBBE700CAA7F1 /* Leaderboard */ = {
			isa = PBXGroup;
			children = (
				16D5ECB62B5FBDE200CAA7F1 /* Leaderboard.swift */,
				16F7F2A62B68E3D0005345B1 /* SaveScore.swift */,
			);
			path = Leaderboard;
			sourceTree = "<group>";
		};
/* End PBXGroup section */

/* Begin PBXNativeTarget section */
		161DEB912B57BE4200573732 /* GuessTheFlag */ = {
			isa = PBXNativeTarget;
			buildConfigurationList = 161DEBA02B57BE4500573732 /* Build configuration list for PBXNativeTarget "GuessTheFlag" */;
			buildPhases = (
				161DEB8E2B57BE4200573732 /* Sources */,
				161DEB8F2B57BE4200573732 /* Frameworks */,
				161DEB902B57BE4200573732 /* Resources */,
			);
			buildRules = (
			);
			dependencies = (
			);
			name = GuessTheFlag;
			productName = GuessTheFlag;
			productReference = 161DEB922B57BE4200573732 /* GuessTheFlag.app */;
			productType = "com.apple.product-type.application";
		};
/* End PBXNativeTarget section */

/* Begin PBXProject section */
		161DEB8A2B57BE4200573732 /* Project object */ = {
			isa = PBXProject;
			attributes = {
				BuildIndependentTargetsInParallel = 1;
				LastSwiftUpdateCheck = 1500;
				LastUpgradeCheck = 1500;
				TargetAttributes = {
					161DEB912B57BE4200573732 = {
						CreatedOnToolsVersion = 15.0.1;
					};
				};
			};
			buildConfigurationList = 161DEB8D2B57BE4200573732 /* Build configuration list for PBXProject "GuessTheFlag" */;
			compatibilityVersion = "Xcode 14.0";
			developmentRegion = en;
			hasScannedForEncodings = 0;
			knownRegions = (
				en,
				Base,
			);
			mainGroup = 161DEB892B57BE4200573732;
			productRefGroup = 161DEB932B57BE4200573732 /* Products */;
			projectDirPath = "";
			projectRoot = "";
			targets = (
				161DEB912B57BE4200573732 /* GuessTheFlag */,
			);
		};
/* End PBXProject section */

/* Begin PBXResourcesBuildPhase section */
		161DEB902B57BE4200573732 /* Resources */ = {
			isa = PBXResourcesBuildPhase;
			buildActionMask = 2147483647;
			files = (
				161DEB9D2B57BE4500573732 /* Preview Assets.xcassets in Resources */,
				161DEB9A2B57BE4500573732 /* Assets.xcassets in Resources */,
			);
			runOnlyForDeploymentPostprocessing = 0;
		};
/* End PBXResourcesBuildPhase section */

/* Begin PBXSourcesBuildPhase section */
		161DEB8E2B57BE4200573732 /* Sources */ = {
			isa = PBXSourcesBuildPhase;
			buildActionMask = 2147483647;
			files = (
				1685CA142B5E967A00A5371A /* Game.swift in Sources */,
				1685CA182B5E96A700A5371A /* ContentView.swift in Sources */,
				161DEB962B57BE4200573732 /* GuessTheFlagApp.swift in Sources */,
				16D5ECB72B5FBDE200CAA7F1 /* Leaderboard.swift in Sources */,
				16945D142B5A7CF900CA3B4D /* Data.swift in Sources */,
				16D5ECB52B5FBD9500CAA7F1 /* Ranked.swift in Sources */,
				1685CA162B5E969000A5371A /* Menu.swift in Sources */,
				16F7F2A72B68E3D0005345B1 /* SaveScore.swift in Sources */,
				167049522B67C10F00C7A499 /* TimeCounter.swift in Sources */,
			);
			runOnlyForDeploymentPostprocessing = 0;
		};
/* End PBXSourcesBuildPhase section */

/* Begin XCBuildConfiguration section */
		161DEB9E2B57BE4500573732 /* Debug */ = {
			isa = XCBuildConfiguration;
			buildSettings = {
				ALWAYS_SEARCH_USER_PATHS = NO;
				ASSETCATALOG_COMPILER_GENERATE_SWIFT_ASSET_SYMBOL_EXTENSIONS = YES;
				CLANG_ANALYZER_NONNULL = YES;
				CLANG_ANALYZER_NUMBER_OBJECT_CONVERSION = YES_AGGRESSIVE;
				CLANG_CXX_LANGUAGE_STANDARD = "gnu++20";
				CLANG_ENABLE_MODULES = YES;
				CLANG_ENABLE_OBJC_ARC = YES;
				CLANG_ENABLE_OBJC_WEAK = YES;
				CLANG_WARN_BLOCK_CAPTURE_AUTORELEASING = YES;
				CLANG_WARN_BOOL_CONVERSION = YES;
				CLANG_WARN_COMMA = YES;
				CLANG_WARN_CONSTANT_CONVERSION = YES;
				CLANG_WARN_DEPRECATED_OBJC_IMPLEMENTATIONS = YES;
				CLANG_WARN_DIRECT_OBJC_ISA_USAGE = YES_ERROR;
				CLANG_WARN_DOCUMENTATION_COMMENTS = YES;
				CLANG_WARN_EMPTY_BODY = YES;
				CLANG_WARN_ENUM_CONVERSION = YES;
				CLANG_WARN_INFINITE_RECURSION = YES;
				CLANG_WARN_INT_CONVERSION = YES;
				CLANG_WARN_NON_LITERAL_NULL_CONVERSION = YES;
				CLANG_WARN_OBJC_IMPLICIT_RETAIN_SELF = YES;
				CLANG_WARN_OBJC_LITERAL_CONVERSION = YES;
				CLANG_WARN_OBJC_ROOT_CLASS = YES_ERROR;
				CLANG_WARN_QUOTED_INCLUDE_IN_FRAMEWORK_HEADER = YES;
				CLANG_WARN_RANGE_LOOP_ANALYSIS = YES;
				CLANG_WARN_STRICT_PROTOTYPES = YES;
				CLANG_WARN_SUSPICIOUS_MOVE = YES;
				CLANG_WARN_UNGUARDED_AVAILABILITY = YES_AGGRESSIVE;
				CLANG_WARN_UNREACHABLE_CODE = YES;
				CLANG_WARN__DUPLICATE_METHOD_MATCH = YES;
				COPY_PHASE_STRIP = NO;
				DEBUG_INFORMATION_FORMAT = dwarf;
				ENABLE_STRICT_OBJC_MSGSEND = YES;
				ENABLE_TESTABILITY = YES;
				ENABLE_USER_SCRIPT_SANDBOXING = YES;
				GCC_C_LANGUAGE_STANDARD = gnu17;
				GCC_DYNAMIC_NO_PIC = NO;
				GCC_NO_COMMON_BLOCKS = YES;
				GCC_OPTIMIZATION_LEVEL = 0;
				GCC_PREPROCESSOR_DEFINITIONS = (
					"DEBUG=1",
					"$(inherited)",
				);
				GCC_WARN_64_TO_32_BIT_CONVERSION = YES;
				GCC_WARN_ABOUT_RETURN_TYPE = YES_ERROR;
				GCC_WARN_UNDECLARED_SELECTOR = YES;
				GCC_WARN_UNINITIALIZED_AUTOS = YES_AGGRESSIVE;
				GCC_WARN_UNUSED_FUNCTION = YES;
				GCC_WARN_UNUSED_VARIABLE = YES;
				IPHONEOS_DEPLOYMENT_TARGET = 17.0;
				LOCALIZATION_PREFERS_STRING_CATALOGS = YES;
				MTL_ENABLE_DEBUG_INFO = INCLUDE_SOURCE;
				MTL_FAST_MATH = YES;
				ONLY_ACTIVE_ARCH = YES;
				SDKROOT = iphoneos;
				SWIFT_ACTIVE_COMPILATION_CONDITIONS = "DEBUG $(inherited)";
				SWIFT_OPTIMIZATION_LEVEL = "-Onone";
			};
			name = Debug;
		};
		161DEB9F2B57BE4500573732 /* Release */ = {
			isa = XCBuildConfiguration;
			buildSettings = {
				ALWAYS_SEARCH_USER_PATHS = NO;
				ASSETCATALOG_COMPILER_GENERATE_SWIFT_ASSET_SYMBOL_EXTENSIONS = YES;
				CLANG_ANALYZER_NONNULL = YES;
				CLANG_ANALYZER_NUMBER_OBJECT_CONVERSION = YES_AGGRESSIVE;
				CLANG_CXX_LANGUAGE_STANDARD = "gnu++20";
				CLANG_ENABLE_MODULES = YES;
				CLANG_ENABLE_OBJC_ARC = YES;
				CLANG_ENABLE_OBJC_WEAK = YES;
				CLANG_WARN_BLOCK_CAPTURE_AUTORELEASING = YES;
				CLANG_WARN_BOOL_CONVERSION = YES;
				CLANG_WARN_COMMA = YES;
				CLANG_WARN_CONSTANT_CONVERSION = YES;
				CLANG_WARN_DEPRECATED_OBJC_IMPLEMENTATIONS = YES;
				CLANG_WARN_DIRECT_OBJC_ISA_USAGE = YES_ERROR;
				CLANG_WARN_DOCUMENTATION_COMMENTS = YES;
				CLANG_WARN_EMPTY_BODY = YES;
				CLANG_WARN_ENUM_CONVERSION = YES;
				CLANG_WARN_INFINITE_RECURSION = YES;
				CLANG_WARN_INT_CONVERSION = YES;
				CLANG_WARN_NON_LITERAL_NULL_CONVERSION = YES;
				CLANG_WARN_OBJC_IMPLICIT_RETAIN_SELF = YES;
				CLANG_WARN_OBJC_LITERAL_CONVERSION = YES;
				CLANG_WARN_OBJC_ROOT_CLASS = YES_ERROR;
				CLANG_WARN_QUOTED_INCLUDE_IN_FRAMEWORK_HEADER = YES;
				CLANG_WARN_RANGE_LOOP_ANALYSIS = YES;
				CLANG_WARN_STRICT_PROTOTYPES = YES;
				CLANG_WARN_SUSPICIOUS_MOVE = YES;
				CLANG_WARN_UNGUARDED_AVAILABILITY = YES_AGGRESSIVE;
				CLANG_WARN_UNREACHABLE_CODE = YES;
				CLANG_WARN__DUPLICATE_METHOD_MATCH = YES;
				COPY_PHASE_STRIP = NO;
				DEBUG_INFORMATION_FORMAT = "dwarf-with-dsym";
				ENABLE_NS_ASSERTIONS = NO;
				ENABLE_STRICT_OBJC_MSGSEND = YES;
				ENABLE_USER_SCRIPT_SANDBOXING = YES;
				GCC_C_LANGUAGE_STANDARD = gnu17;
				GCC_NO_COMMON_BLOCKS = YES;
				GCC_WARN_64_TO_32_BIT_CONVERSION = YES;
				GCC_WARN_ABOUT_RETURN_TYPE = YES_ERROR;
				GCC_WARN_UNDECLARED_SELECTOR = YES;
				GCC_WARN_UNINITIALIZED_AUTOS = YES_AGGRESSIVE;
				GCC_WARN_UNUSED_FUNCTION = YES;
				GCC_WARN_UNUSED_VARIABLE = YES;
				IPHONEOS_DEPLOYMENT_TARGET = 17.0;
				LOCALIZATION_PREFERS_STRING_CATALOGS = YES;
				MTL_ENABLE_DEBUG_INFO = NO;
				MTL_FAST_MATH = YES;
				SDKROOT = iphoneos;
				SWIFT_COMPILATION_MODE = wholemodule;
				VALIDATE_PRODUCT = YES;
			};
			name = Release;
		};
		161DEBA12B57BE4500573732 /* Debug */ = {
			isa = XCBuildConfiguration;
			buildSettings = {
				ASSETCATALOG_COMPILER_APPICON_NAME = AppIcon;
				ASSETCATALOG_COMPILER_GLOBAL_ACCENT_COLOR_NAME = AccentColor;
				CODE_SIGN_STYLE = Automatic;
				CURRENT_PROJECT_VERSION = 1;
				DEVELOPMENT_ASSET_PATHS = "\"GuessTheFlag/Preview Content\"";
				DEVELOPMENT_TEAM = Q854D8XGKU;
				ENABLE_PREVIEWS = YES;
				GENERATE_INFOPLIST_FILE = YES;
				INFOPLIST_KEY_UIApplicationSceneManifest_Generation = YES;
				INFOPLIST_KEY_UIApplicationSupportsIndirectInputEvents = YES;
				INFOPLIST_KEY_UILaunchScreen_Generation = YES;
				INFOPLIST_KEY_UIStatusBarStyle = "";
				INFOPLIST_KEY_UISupportedInterfaceOrientations = UIInterfaceOrientationPortrait;
				LD_RUNPATH_SEARCH_PATHS = (
					"$(inherited)",
					"@executable_path/Frameworks",
				);
				MARKETING_VERSION = 1.0;
				PRODUCT_BUNDLE_IDENTIFIER = com.modzie.GuessTheFlag;
				PRODUCT_NAME = "$(TARGET_NAME)";
				SWIFT_EMIT_LOC_STRINGS = YES;
				SWIFT_VERSION = 5.0;
				TARGETED_DEVICE_FAMILY = "1,2";
			};
			name = Debug;
		};
		161DEBA22B57BE4500573732 /* Release */ = {
			isa = XCBuildConfiguration;
			buildSettings = {
				ASSETCATALOG_COMPILER_APPICON_NAME = AppIcon;
				ASSETCATALOG_COMPILER_GLOBAL_ACCENT_COLOR_NAME = AccentColor;
				CODE_SIGN_STYLE = Automatic;
				CURRENT_PROJECT_VERSION = 1;
				DEVELOPMENT_ASSET_PATHS = "\"GuessTheFlag/Preview Content\"";
				DEVELOPMENT_TEAM = Q854D8XGKU;
				ENABLE_PREVIEWS = YES;
				GENERATE_INFOPLIST_FILE = YES;
				INFOPLIST_KEY_UIApplicationSceneManifest_Generation = YES;
				INFOPLIST_KEY_UIApplicationSupportsIndirectInputEvents = YES;
				INFOPLIST_KEY_UILaunchScreen_Generation = YES;
				INFOPLIST_KEY_UIStatusBarStyle = "";
				INFOPLIST_KEY_UISupportedInterfaceOrientations = UIInterfaceOrientationPortrait;
				LD_RUNPATH_SEARCH_PATHS = (
					"$(inherited)",
					"@executable_path/Frameworks",
				);
				MARKETING_VERSION = 1.0;
				PRODUCT_BUNDLE_IDENTIFIER = com.modzie.GuessTheFlag;
				PRODUCT_NAME = "$(TARGET_NAME)";
				SWIFT_EMIT_LOC_STRINGS = YES;
				SWIFT_VERSION = 5.0;
				TARGETED_DEVICE_FAMILY = "1,2";
			};
			name = Release;
		};
/* End XCBuildConfiguration section */

/* Begin XCConfigurationList section */
		161DEB8D2B57BE4200573732 /* Build configuration list for PBXProject "GuessTheFlag" */ = {
			isa = XCConfigurationList;
			buildConfigurations = (
				161DEB9E2B57BE4500573732 /* Debug */,
				161DEB9F2B57BE4500573732 /* Release */,
			);
			defaultConfigurationIsVisible = 0;
			defaultConfigurationName = Release;
		};
		161DEBA02B57BE4500573732 /* Build configuration list for PBXNativeTarget "GuessTheFlag" */ = {
			isa = XCConfigurationList;
			buildConfigurations = (
				161DEBA12B57BE4500573732 /* Debug */,
				161DEBA22B57BE4500573732 /* Release */,
			);
			defaultConfigurationIsVisible = 0;
			defaultConfigurationName = Release;
		};
/* End XCConfigurationList section */
	};
	rootObject = 161DEB8A2B57BE4200573732 /* Project object */;
}
