// !$*UTF8*$!
{
	archiveVersion = 1;
	classes = {
	};
	objectVersion = 56;
	objects = {

/* Begin PBXBuildFile section */
		1643B8B42B7F45BB00FD3D1A /* TVShowAppV2App.swift in Sources */ = {isa = PBXBuildFile; fileRef = 1643B8B32B7F45BB00FD3D1A /* TVShowAppV2App.swift */; };
		1643B8B62B7F45BB00FD3D1A /* ContentView.swift in Sources */ = {isa = PBXBuildFile; fileRef = 1643B8B52B7F45BB00FD3D1A /* ContentView.swift */; };
		1643B8B82B7F45BD00FD3D1A /* Assets.xcassets in Resources */ = {isa = PBXBuildFile; fileRef = 1643B8B72B7F45BD00FD3D1A /* Assets.xcassets */; };
		1643B8BB2B7F45BD00FD3D1A /* Preview Assets.xcassets in Resources */ = {isa = PBXBuildFile; fileRef = 1643B8BA2B7F45BD00FD3D1A /* Preview Assets.xcassets */; };
		1643B8C32B7F466E00FD3D1A /* API.swift in Sources */ = {isa = PBXBuildFile; fileRef = 1643B8C22B7F466E00FD3D1A /* API.swift */; };
		1643B8C52B7F46A500FD3D1A /* Data.swift in Sources */ = {isa = PBXBuildFile; fileRef = 1643B8C42B7F46A500FD3D1A /* Data.swift */; };
		1643B8C72B7F46BF00FD3D1A /* Modifiers.swift in Sources */ = {isa = PBXBuildFile; fileRef = 1643B8C62B7F46BF00FD3D1A /* Modifiers.swift */; };
		1643B8CA2B7F46F400FD3D1A /* Categories.swift in Sources */ = {isa = PBXBuildFile; fileRef = 1643B8C92B7F46F400FD3D1A /* Categories.swift */; };
		1643B8CC2B7F471D00FD3D1A /* Information.swift in Sources */ = {isa = PBXBuildFile; fileRef = 1643B8CB2B7F471D00FD3D1A /* Information.swift */; };
		1643B8CF2B7F474400FD3D1A /* Channel.swift in Sources */ = {isa = PBXBuildFile; fileRef = 1643B8CE2B7F474400FD3D1A /* Channel.swift */; };
		1643B8D12B7F475A00FD3D1A /* Date.swift in Sources */ = {isa = PBXBuildFile; fileRef = 1643B8D02B7F475A00FD3D1A /* Date.swift */; };
		1643B8D32B7F476C00FD3D1A /* Genres.swift in Sources */ = {isa = PBXBuildFile; fileRef = 1643B8D22B7F476C00FD3D1A /* Genres.swift */; };
		1643B8D52B7F477F00FD3D1A /* Language.swift in Sources */ = {isa = PBXBuildFile; fileRef = 1643B8D42B7F477F00FD3D1A /* Language.swift */; };
		1643B8D72B7F47A600FD3D1A /* Schedules.swift in Sources */ = {isa = PBXBuildFile; fileRef = 1643B8D62B7F47A600FD3D1A /* Schedules.swift */; };
		1643B8D92B7F47C300FD3D1A /* Status.swift in Sources */ = {isa = PBXBuildFile; fileRef = 1643B8D82B7F47C200FD3D1A /* Status.swift */; };
		1643B8DB2B7F47D600FD3D1A /* Time.swift in Sources */ = {isa = PBXBuildFile; fileRef = 1643B8DA2B7F47D600FD3D1A /* Time.swift */; };
		1643B8DD2B7F4B5900FD3D1A /* Home.swift in Sources */ = {isa = PBXBuildFile; fileRef = 1643B8DC2B7F4B5900FD3D1A /* Home.swift */; };
		1643B8DF2B7F4DB200FD3D1A /* Search.swift in Sources */ = {isa = PBXBuildFile; fileRef = 1643B8DE2B7F4DB200FD3D1A /* Search.swift */; };
		1643D6BA2B8B890A00654449 /* NoMatch.swift in Sources */ = {isa = PBXBuildFile; fileRef = 1643D6B92B8B890A00654449 /* NoMatch.swift */; };
		16B8B7912B8B615D00A41003 /* LoadingScreen.swift in Sources */ = {isa = PBXBuildFile; fileRef = 16B8B7902B8B615D00A41003 /* LoadingScreen.swift */; };
/* End PBXBuildFile section */

/* Begin PBXFileReference section */
		1643B8B02B7F45BB00FD3D1A /* TVShowAppV2.app */ = {isa = PBXFileReference; explicitFileType = wrapper.application; includeInIndex = 0; path = TVShowAppV2.app; sourceTree = BUILT_PRODUCTS_DIR; };
		1643B8B32B7F45BB00FD3D1A /* TVShowAppV2App.swift */ = {isa = PBXFileReference; lastKnownFileType = sourcecode.swift; path = TVShowAppV2App.swift; sourceTree = "<group>"; };
		1643B8B52B7F45BB00FD3D1A /* ContentView.swift */ = {isa = PBXFileReference; lastKnownFileType = sourcecode.swift; path = ContentView.swift; sourceTree = "<group>"; };
		1643B8B72B7F45BD00FD3D1A /* Assets.xcassets */ = {isa = PBXFileReference; lastKnownFileType = folder.assetcatalog; path = Assets.xcassets; sourceTree = "<group>"; };
		1643B8BA2B7F45BD00FD3D1A /* Preview Assets.xcassets */ = {isa = PBXFileReference; lastKnownFileType = folder.assetcatalog; path = "Preview Assets.xcassets"; sourceTree = "<group>"; };
		1643B8C22B7F466E00FD3D1A /* API.swift */ = {isa = PBXFileReference; lastKnownFileType = sourcecode.swift; path = API.swift; sourceTree = "<group>"; };
		1643B8C42B7F46A500FD3D1A /* Data.swift */ = {isa = PBXFileReference; lastKnownFileType = sourcecode.swift; path = Data.swift; sourceTree = "<group>"; };
		1643B8C62B7F46BF00FD3D1A /* Modifiers.swift */ = {isa = PBXFileReference; lastKnownFileType = sourcecode.swift; path = Modifiers.swift; sourceTree = "<group>"; };
		1643B8C92B7F46F400FD3D1A /* Categories.swift */ = {isa = PBXFileReference; lastKnownFileType = sourcecode.swift; path = Categories.swift; sourceTree = "<group>"; };
		1643B8CB2B7F471D00FD3D1A /* Information.swift */ = {isa = PBXFileReference; lastKnownFileType = sourcecode.swift; path = Information.swift; sourceTree = "<group>"; };
		1643B8CE2B7F474400FD3D1A /* Channel.swift */ = {isa = PBXFileReference; lastKnownFileType = sourcecode.swift; path = Channel.swift; sourceTree = "<group>"; };
		1643B8D02B7F475A00FD3D1A /* Date.swift */ = {isa = PBXFileReference; lastKnownFileType = sourcecode.swift; path = Date.swift; sourceTree = "<group>"; };
		1643B8D22B7F476C00FD3D1A /* Genres.swift */ = {isa = PBXFileReference; lastKnownFileType = sourcecode.swift; path = Genres.swift; sourceTree = "<group>"; };
		1643B8D42B7F477F00FD3D1A /* Language.swift */ = {isa = PBXFileReference; lastKnownFileType = sourcecode.swift; path = Language.swift; sourceTree = "<group>"; };
		1643B8D62B7F47A600FD3D1A /* Schedules.swift */ = {isa = PBXFileReference; lastKnownFileType = sourcecode.swift; path = Schedules.swift; sourceTree = "<group>"; };
		1643B8D82B7F47C200FD3D1A /* Status.swift */ = {isa = PBXFileReference; lastKnownFileType = sourcecode.swift; path = Status.swift; sourceTree = "<group>"; };
		1643B8DA2B7F47D600FD3D1A /* Time.swift */ = {isa = PBXFileReference; lastKnownFileType = sourcecode.swift; path = Time.swift; sourceTree = "<group>"; };
		1643B8DC2B7F4B5900FD3D1A /* Home.swift */ = {isa = PBXFileReference; lastKnownFileType = sourcecode.swift; path = Home.swift; sourceTree = "<group>"; };
		1643B8DE2B7F4DB200FD3D1A /* Search.swift */ = {isa = PBXFileReference; lastKnownFileType = sourcecode.swift; path = Search.swift; sourceTree = "<group>"; };
		1643D6B92B8B890A00654449 /* NoMatch.swift */ = {isa = PBXFileReference; lastKnownFileType = sourcecode.swift; path = NoMatch.swift; sourceTree = "<group>"; };
		16B8B7902B8B615D00A41003 /* LoadingScreen.swift */ = {isa = PBXFileReference; lastKnownFileType = sourcecode.swift; path = LoadingScreen.swift; sourceTree = "<group>"; };
/* End PBXFileReference section */

/* Begin PBXFrameworksBuildPhase section */
		1643B8AD2B7F45BB00FD3D1A /* Frameworks */ = {
			isa = PBXFrameworksBuildPhase;
			buildActionMask = 2147483647;
			files = (
			);
			runOnlyForDeploymentPostprocessing = 0;
		};
/* End PBXFrameworksBuildPhase section */

/* Begin PBXGroup section */
		1643B8A72B7F45BB00FD3D1A = {
			isa = PBXGroup;
			children = (
				1643B8B22B7F45BB00FD3D1A /* TVShowAppV2 */,
				1643B8B12B7F45BB00FD3D1A /* Products */,
			);
			sourceTree = "<group>";
		};
		1643B8B12B7F45BB00FD3D1A /* Products */ = {
			isa = PBXGroup;
			children = (
				1643B8B02B7F45BB00FD3D1A /* TVShowAppV2.app */,
			);
			name = Products;
			sourceTree = "<group>";
		};
		1643B8B22B7F45BB00FD3D1A /* TVShowAppV2 */ = {
			isa = PBXGroup;
			children = (
				1643B8B32B7F45BB00FD3D1A /* TVShowAppV2App.swift */,
				1643B8B72B7F45BD00FD3D1A /* Assets.xcassets */,
				1643B8B52B7F45BB00FD3D1A /* ContentView.swift */,
				16B8B78D2B8B5C6700A41003 /* Home */,
				16B8B78E2B8B5C9200A41003 /* Search */,
				16B8B78F2B8B5C9B00A41003 /* Categories */,
				1643B8C82B7F46DB00FD3D1A /* Information */,
				1643B8C12B7F465A00FD3D1A /* Data */,
				1643B8B92B7F45BD00FD3D1A /* Preview Content */,
			);
			path = TVShowAppV2;
			sourceTree = "<group>";
		};
		1643B8B92B7F45BD00FD3D1A /* Preview Content */ = {
			isa = PBXGroup;
			children = (
				1643B8BA2B7F45BD00FD3D1A /* Preview Assets.xcassets */,
			);
			path = "Preview Content";
			sourceTree = "<group>";
		};
		1643B8C12B7F465A00FD3D1A /* Data */ = {
			isa = PBXGroup;
			children = (
				1643B8C22B7F466E00FD3D1A /* API.swift */,
				1643B8C42B7F46A500FD3D1A /* Data.swift */,
				1643B8C62B7F46BF00FD3D1A /* Modifiers.swift */,
			);
			path = Data;
			sourceTree = "<group>";
		};
		1643B8C82B7F46DB00FD3D1A /* Information */ = {
			isa = PBXGroup;
			children = (
				1643B8CD2B7F473500FD3D1A /* Information */,
				1643B8CB2B7F471D00FD3D1A /* Information.swift */,
			);
			path = Information;
			sourceTree = "<group>";
		};
		1643B8CD2B7F473500FD3D1A /* Information */ = {
			isa = PBXGroup;
			children = (
				1643B8CE2B7F474400FD3D1A /* Channel.swift */,
				1643B8D02B7F475A00FD3D1A /* Date.swift */,
				1643B8D22B7F476C00FD3D1A /* Genres.swift */,
				1643B8D42B7F477F00FD3D1A /* Language.swift */,
				1643B8D62B7F47A600FD3D1A /* Schedules.swift */,
				1643B8D82B7F47C200FD3D1A /* Status.swift */,
				1643B8DA2B7F47D600FD3D1A /* Time.swift */,
			);
			path = Information;
			sourceTree = "<group>";
		};
		16B8B78D2B8B5C6700A41003 /* Home */ = {
			isa = PBXGroup;
			children = (
				1643B8DC2B7F4B5900FD3D1A /* Home.swift */,
				16B8B7902B8B615D00A41003 /* LoadingScreen.swift */,
			);
			path = Home;
			sourceTree = "<group>";
		};
		16B8B78E2B8B5C9200A41003 /* Search */ = {
			isa = PBXGroup;
			children = (
				1643B8DE2B7F4DB200FD3D1A /* Search.swift */,
				1643D6B92B8B890A00654449 /* NoMatch.swift */,
			);
			path = Search;
			sourceTree = "<group>";
		};
		16B8B78F2B8B5C9B00A41003 /* Categories */ = {
			isa = PBXGroup;
			children = (
				1643B8C92B7F46F400FD3D1A /* Categories.swift */,
			);
			path = Categories;
			sourceTree = "<group>";
		};
/* End PBXGroup section */

/* Begin PBXNativeTarget section */
		1643B8AF2B7F45BB00FD3D1A /* TVShowAppV2 */ = {
			isa = PBXNativeTarget;
			buildConfigurationList = 1643B8BE2B7F45BD00FD3D1A /* Build configuration list for PBXNativeTarget "TVShowAppV2" */;
			buildPhases = (
				1643B8AC2B7F45BB00FD3D1A /* Sources */,
				1643B8AD2B7F45BB00FD3D1A /* Frameworks */,
				1643B8AE2B7F45BB00FD3D1A /* Resources */,
			);
			buildRules = (
			);
			dependencies = (
			);
			name = TVShowAppV2;
			productName = TVShowAppV2;
			productReference = 1643B8B02B7F45BB00FD3D1A /* TVShowAppV2.app */;
			productType = "com.apple.product-type.application";
		};
/* End PBXNativeTarget section */

/* Begin PBXProject section */
		1643B8A82B7F45BB00FD3D1A /* Project object */ = {
			isa = PBXProject;
			attributes = {
				BuildIndependentTargetsInParallel = 1;
				LastSwiftUpdateCheck = 1500;
				LastUpgradeCheck = 1500;
				TargetAttributes = {
					1643B8AF2B7F45BB00FD3D1A = {
						CreatedOnToolsVersion = 15.0.1;
					};
				};
			};
			buildConfigurationList = 1643B8AB2B7F45BB00FD3D1A /* Build configuration list for PBXProject "TVShowAppV2" */;
			compatibilityVersion = "Xcode 14.0";
			developmentRegion = en;
			hasScannedForEncodings = 0;
			knownRegions = (
				en,
				Base,
			);
			mainGroup = 1643B8A72B7F45BB00FD3D1A;
			productRefGroup = 1643B8B12B7F45BB00FD3D1A /* Products */;
			projectDirPath = "";
			projectRoot = "";
			targets = (
				1643B8AF2B7F45BB00FD3D1A /* TVShowAppV2 */,
			);
		};
/* End PBXProject section */

/* Begin PBXResourcesBuildPhase section */
		1643B8AE2B7F45BB00FD3D1A /* Resources */ = {
			isa = PBXResourcesBuildPhase;
			buildActionMask = 2147483647;
			files = (
				1643B8BB2B7F45BD00FD3D1A /* Preview Assets.xcassets in Resources */,
				1643B8B82B7F45BD00FD3D1A /* Assets.xcassets in Resources */,
			);
			runOnlyForDeploymentPostprocessing = 0;
		};
/* End PBXResourcesBuildPhase section */

/* Begin PBXSourcesBuildPhase section */
		1643B8AC2B7F45BB00FD3D1A /* Sources */ = {
			isa = PBXSourcesBuildPhase;
			buildActionMask = 2147483647;
			files = (
				1643B8B62B7F45BB00FD3D1A /* ContentView.swift in Sources */,
				16B8B7912B8B615D00A41003 /* LoadingScreen.swift in Sources */,
				1643B8D32B7F476C00FD3D1A /* Genres.swift in Sources */,
				1643B8DB2B7F47D600FD3D1A /* Time.swift in Sources */,
				1643B8CF2B7F474400FD3D1A /* Channel.swift in Sources */,
				1643B8CC2B7F471D00FD3D1A /* Information.swift in Sources */,
				1643B8B42B7F45BB00FD3D1A /* TVShowAppV2App.swift in Sources */,
				1643B8C32B7F466E00FD3D1A /* API.swift in Sources */,
				1643B8D72B7F47A600FD3D1A /* Schedules.swift in Sources */,
				1643B8CA2B7F46F400FD3D1A /* Categories.swift in Sources */,
				1643B8DD2B7F4B5900FD3D1A /* Home.swift in Sources */,
				1643B8C52B7F46A500FD3D1A /* Data.swift in Sources */,
				1643B8D92B7F47C300FD3D1A /* Status.swift in Sources */,
				1643B8D12B7F475A00FD3D1A /* Date.swift in Sources */,
				1643B8DF2B7F4DB200FD3D1A /* Search.swift in Sources */,
				1643B8C72B7F46BF00FD3D1A /* Modifiers.swift in Sources */,
				1643D6BA2B8B890A00654449 /* NoMatch.swift in Sources */,
				1643B8D52B7F477F00FD3D1A /* Language.swift in Sources */,
			);
			runOnlyForDeploymentPostprocessing = 0;
		};
/* End PBXSourcesBuildPhase section */

/* Begin XCBuildConfiguration section */
		1643B8BC2B7F45BD00FD3D1A /* Debug */ = {
			isa = XCBuildConfiguration;
			buildSettings = {
				ALWAYS_SEARCH_USER_PATHS = NO;
				ASSETCATALOG_COMPILER_GENERATE_SWIFT_ASSET_SYMBOL_EXTENSIONS = YES;
				CLANG_ANALYZER_NONNULL = YES;
				CLANG_ANALYZER_NUMBER_OBJECT_CONVERSION = YES_AGGRESSIVE;
				CLANG_CXX_LANGUAGE_STANDARD = "gnu++20";
				CLANG_ENABLE_MODULES = YES;
				CLANG_ENABLE_OBJC_ARC = YES;
				CLANG_ENABLE_OBJC_WEAK = YES;
				CLANG_WARN_BLOCK_CAPTURE_AUTORELEASING = YES;
				CLANG_WARN_BOOL_CONVERSION = YES;
				CLANG_WARN_COMMA = YES;
				CLANG_WARN_CONSTANT_CONVERSION = YES;
				CLANG_WARN_DEPRECATED_OBJC_IMPLEMENTATIONS = YES;
				CLANG_WARN_DIRECT_OBJC_ISA_USAGE = YES_ERROR;
				CLANG_WARN_DOCUMENTATION_COMMENTS = YES;
				CLANG_WARN_EMPTY_BODY = YES;
				CLANG_WARN_ENUM_CONVERSION = YES;
				CLANG_WARN_INFINITE_RECURSION = YES;
				CLANG_WARN_INT_CONVERSION = YES;
				CLANG_WARN_NON_LITERAL_NULL_CONVERSION = YES;
				CLANG_WARN_OBJC_IMPLICIT_RETAIN_SELF = YES;
				CLANG_WARN_OBJC_LITERAL_CONVERSION = YES;
				CLANG_WARN_OBJC_ROOT_CLASS = YES_ERROR;
				CLANG_WARN_QUOTED_INCLUDE_IN_FRAMEWORK_HEADER = YES;
				CLANG_WARN_RANGE_LOOP_ANALYSIS = YES;
				CLANG_WARN_STRICT_PROTOTYPES = YES;
				CLANG_WARN_SUSPICIOUS_MOVE = YES;
				CLANG_WARN_UNGUARDED_AVAILABILITY = YES_AGGRESSIVE;
				CLANG_WARN_UNREACHABLE_CODE = YES;
				CLANG_WARN__DUPLICATE_METHOD_MATCH = YES;
				COPY_PHASE_STRIP = NO;
				DEBUG_INFORMATION_FORMAT = dwarf;
				ENABLE_STRICT_OBJC_MSGSEND = YES;
				ENABLE_TESTABILITY = YES;
				ENABLE_USER_SCRIPT_SANDBOXING = YES;
				GCC_C_LANGUAGE_STANDARD = gnu17;
				GCC_DYNAMIC_NO_PIC = NO;
				GCC_NO_COMMON_BLOCKS = YES;
				GCC_OPTIMIZATION_LEVEL = 0;
				GCC_PREPROCESSOR_DEFINITIONS = (
					"DEBUG=1",
					"$(inherited)",
				);
				GCC_WARN_64_TO_32_BIT_CONVERSION = YES;
				GCC_WARN_ABOUT_RETURN_TYPE = YES_ERROR;
				GCC_WARN_UNDECLARED_SELECTOR = YES;
				GCC_WARN_UNINITIALIZED_AUTOS = YES_AGGRESSIVE;
				GCC_WARN_UNUSED_FUNCTION = YES;
				GCC_WARN_UNUSED_VARIABLE = YES;
				IPHONEOS_DEPLOYMENT_TARGET = 17.0;
				LOCALIZATION_PREFERS_STRING_CATALOGS = YES;
				MTL_ENABLE_DEBUG_INFO = INCLUDE_SOURCE;
				MTL_FAST_MATH = YES;
				ONLY_ACTIVE_ARCH = YES;
				SDKROOT = iphoneos;
				SWIFT_ACTIVE_COMPILATION_CONDITIONS = "DEBUG $(inherited)";
				SWIFT_OPTIMIZATION_LEVEL = "-Onone";
			};
			name = Debug;
		};
		1643B8BD2B7F45BD00FD3D1A /* Release */ = {
			isa = XCBuildConfiguration;
			buildSettings = {
				ALWAYS_SEARCH_USER_PATHS = NO;
				ASSETCATALOG_COMPILER_GENERATE_SWIFT_ASSET_SYMBOL_EXTENSIONS = YES;
				CLANG_ANALYZER_NONNULL = YES;
				CLANG_ANALYZER_NUMBER_OBJECT_CONVERSION = YES_AGGRESSIVE;
				CLANG_CXX_LANGUAGE_STANDARD = "gnu++20";
				CLANG_ENABLE_MODULES = YES;
				CLANG_ENABLE_OBJC_ARC = YES;
				CLANG_ENABLE_OBJC_WEAK = YES;
				CLANG_WARN_BLOCK_CAPTURE_AUTORELEASING = YES;
				CLANG_WARN_BOOL_CONVERSION = YES;
				CLANG_WARN_COMMA = YES;
				CLANG_WARN_CONSTANT_CONVERSION = YES;
				CLANG_WARN_DEPRECATED_OBJC_IMPLEMENTATIONS = YES;
				CLANG_WARN_DIRECT_OBJC_ISA_USAGE = YES_ERROR;
				CLANG_WARN_DOCUMENTATION_COMMENTS = YES;
				CLANG_WARN_EMPTY_BODY = YES;
				CLANG_WARN_ENUM_CONVERSION = YES;
				CLANG_WARN_INFINITE_RECURSION = YES;
				CLANG_WARN_INT_CONVERSION = YES;
				CLANG_WARN_NON_LITERAL_NULL_CONVERSION = YES;
				CLANG_WARN_OBJC_IMPLICIT_RETAIN_SELF = YES;
				CLANG_WARN_OBJC_LITERAL_CONVERSION = YES;
				CLANG_WARN_OBJC_ROOT_CLASS = YES_ERROR;
				CLANG_WARN_QUOTED_INCLUDE_IN_FRAMEWORK_HEADER = YES;
				CLANG_WARN_RANGE_LOOP_ANALYSIS = YES;
				CLANG_WARN_STRICT_PROTOTYPES = YES;
				CLANG_WARN_SUSPICIOUS_MOVE = YES;
				CLANG_WARN_UNGUARDED_AVAILABILITY = YES_AGGRESSIVE;
				CLANG_WARN_UNREACHABLE_CODE = YES;
				CLANG_WARN__DUPLICATE_METHOD_MATCH = YES;
				COPY_PHASE_STRIP = NO;
				DEBUG_INFORMATION_FORMAT = "dwarf-with-dsym";
				ENABLE_NS_ASSERTIONS = NO;
				ENABLE_STRICT_OBJC_MSGSEND = YES;
				ENABLE_USER_SCRIPT_SANDBOXING = YES;
				GCC_C_LANGUAGE_STANDARD = gnu17;
				GCC_NO_COMMON_BLOCKS = YES;
				GCC_WARN_64_TO_32_BIT_CONVERSION = YES;
				GCC_WARN_ABOUT_RETURN_TYPE = YES_ERROR;
				GCC_WARN_UNDECLARED_SELECTOR = YES;
				GCC_WARN_UNINITIALIZED_AUTOS = YES_AGGRESSIVE;
				GCC_WARN_UNUSED_FUNCTION = YES;
				GCC_WARN_UNUSED_VARIABLE = YES;
				IPHONEOS_DEPLOYMENT_TARGET = 17.0;
				LOCALIZATION_PREFERS_STRING_CATALOGS = YES;
				MTL_ENABLE_DEBUG_INFO = NO;
				MTL_FAST_MATH = YES;
				SDKROOT = iphoneos;
				SWIFT_COMPILATION_MODE = wholemodule;
				VALIDATE_PRODUCT = YES;
			};
			name = Release;
		};
		1643B8BF2B7F45BD00FD3D1A /* Debug */ = {
			isa = XCBuildConfiguration;
			buildSettings = {
				ASSETCATALOG_COMPILER_APPICON_NAME = AppIcon;
				ASSETCATALOG_COMPILER_GLOBAL_ACCENT_COLOR_NAME = AccentColor;
				CODE_SIGN_STYLE = Automatic;
				CURRENT_PROJECT_VERSION = 1;
				DEVELOPMENT_ASSET_PATHS = "\"TVShowAppV2/Preview Content\"";
				DEVELOPMENT_TEAM = Q854D8XGKU;
				ENABLE_PREVIEWS = YES;
				GENERATE_INFOPLIST_FILE = YES;
				INFOPLIST_KEY_UIApplicationSceneManifest_Generation = YES;
				INFOPLIST_KEY_UIApplicationSupportsIndirectInputEvents = YES;
				INFOPLIST_KEY_UILaunchScreen_Generation = YES;
				INFOPLIST_KEY_UISupportedInterfaceOrientations = UIInterfaceOrientationPortrait;
				LD_RUNPATH_SEARCH_PATHS = (
					"$(inherited)",
					"@executable_path/Frameworks",
				);
				MARKETING_VERSION = 1.0;
				PRODUCT_BUNDLE_IDENTIFIER = com.modzie.TVShowAppV2;
				PRODUCT_NAME = "$(TARGET_NAME)";
				SWIFT_EMIT_LOC_STRINGS = YES;
				SWIFT_VERSION = 5.0;
				TARGETED_DEVICE_FAMILY = "1,2";
			};
			name = Debug;
		};
		1643B8C02B7F45BD00FD3D1A /* Release */ = {
			isa = XCBuildConfiguration;
			buildSettings = {
				ASSETCATALOG_COMPILER_APPICON_NAME = AppIcon;
				ASSETCATALOG_COMPILER_GLOBAL_ACCENT_COLOR_NAME = AccentColor;
				CODE_SIGN_STYLE = Automatic;
				CURRENT_PROJECT_VERSION = 1;
				DEVELOPMENT_ASSET_PATHS = "\"TVShowAppV2/Preview Content\"";
				DEVELOPMENT_TEAM = Q854D8XGKU;
				ENABLE_PREVIEWS = YES;
				GENERATE_INFOPLIST_FILE = YES;
				INFOPLIST_KEY_UIApplicationSceneManifest_Generation = YES;
				INFOPLIST_KEY_UIApplicationSupportsIndirectInputEvents = YES;
				INFOPLIST_KEY_UILaunchScreen_Generation = YES;
				INFOPLIST_KEY_UISupportedInterfaceOrientations = UIInterfaceOrientationPortrait;
				LD_RUNPATH_SEARCH_PATHS = (
					"$(inherited)",
					"@executable_path/Frameworks",
				);
				MARKETING_VERSION = 1.0;
				PRODUCT_BUNDLE_IDENTIFIER = com.modzie.TVShowAppV2;
				PRODUCT_NAME = "$(TARGET_NAME)";
				SWIFT_EMIT_LOC_STRINGS = YES;
				SWIFT_VERSION = 5.0;
				TARGETED_DEVICE_FAMILY = "1,2";
			};
			name = Release;
		};
/* End XCBuildConfiguration section */

/* Begin XCConfigurationList section */
		1643B8AB2B7F45BB00FD3D1A /* Build configuration list for PBXProject "TVShowAppV2" */ = {
			isa = XCConfigurationList;
			buildConfigurations = (
				1643B8BC2B7F45BD00FD3D1A /* Debug */,
				1643B8BD2B7F45BD00FD3D1A /* Release */,
			);
			defaultConfigurationIsVisible = 0;
			defaultConfigurationName = Release;
		};
		1643B8BE2B7F45BD00FD3D1A /* Build configuration list for PBXNativeTarget "TVShowAppV2" */ = {
			isa = XCConfigurationList;
			buildConfigurations = (
				1643B8BF2B7F45BD00FD3D1A /* Debug */,
				1643B8C02B7F45BD00FD3D1A /* Release */,
			);
			defaultConfigurationIsVisible = 0;
			defaultConfigurationName = Release;
		};
/* End XCConfigurationList section */
	};
	rootObject = 1643B8A82B7F45BB00FD3D1A /* Project object */;
}
